
Microsoft Visual Studio Solution File, Format Version 12.00
# Visual Studio Version 16
VisualStudioVersion = 16.0.31105.61
MinimumVisualStudioVersion = 10.0.40219.1
Project("{FAE04EC0-301F-11D3-BF4B-00C04F79EFBC}") = "Run", "Run\Run.csproj", "{DC30A582-C012-49AB-B36F-6BB1ED5251A9}"
EndProject
Global
	GlobalSection(SolutionConfigurationPlatforms) = preSolution
		Debug|Any CPU = Debug|Any CPU
		Release|Any CPU = Release|Any CPU
	EndGlobalSection
	GlobalSection(ProjectConfigurationPlatforms) = postSolution
		{DC30A582-C012-49AB-B36F-6BB1ED5251A9}.Debug|Any CPU.ActiveCfg = Debug|Any CPU
		{DC30A582-C012-49AB-B36F-6BB1ED5251A9}.Debug|Any CPU.Build.0 = Debug|Any CPU
		{DC30A582-C012-49AB-B36F-6BB1ED5251A9}.Release|Any CPU.ActiveCfg = Release|Any CPU
		{DC30A582-C012-49AB-B36F-6BB1ED5251A9}.Release|Any CPU.Build.0 = Release|Any CPU
	EndGlobalSection
	GlobalSection(SolutionProperties) = preSolution
		HideSolutionNode = FALSE
	EndGlobalSection
	GlobalSection(ExtensibilityGlobals) = postSolution
		SolutionGuid = {08A89A60-6ED6-4A19-8633-D1C92F4719D5}
	EndGlobalSection
EndGlobal
